
Microsoft Visual Studio Solution File, Format Version 12.00
# Visual Studio 15
VisualStudioVersion = 15.0.26124.0
MinimumVisualStudioVersion = 15.0.26124.0
Project("{FAE04EC0-301F-11D3-BF4B-00C04F79EFBC}") = "API", "API\API.csproj", "{EB3DCF96-86A5-4694-BB37-C13D93DFE489}"
EndProject
Project("{FAE04EC0-301F-11D3-BF4B-00C04F79EFBC}") = "Application", "Application\Application.csproj", "{0C914C7A-3128-47AD-A428-76EEDFCDE165}"
EndProject
Project("{FAE04EC0-301F-11D3-BF4B-00C04F79EFBC}") = "Persistence", "Persistence\Persistence.csproj", "{422F2128-2C54-4581-9704-B014B8D26AB6}"
EndProject
Project("{FAE04EC0-301F-11D3-BF4B-00C04F79EFBC}") = "Domain", "Domain\Domain.csproj", "{C4F13FCD-D3AA-4E64-B510-C73F0D4D3F50}"
EndProject
Global
	GlobalSection(SolutionConfigurationPlatforms) = preSolution
		Debug|Any CPU = Debug|Any CPU
		Debug|x64 = Debug|x64
		Debug|x86 = Debug|x86
		Release|Any CPU = Release|Any CPU
		Release|x64 = Release|x64
		Release|x86 = Release|x86
	EndGlobalSection
	GlobalSection(SolutionProperties) = preSolution
		HideSolutionNode = FALSE
	EndGlobalSection
	GlobalSection(ProjectConfigurationPlatforms) = postSolution
		{EB3DCF96-86A5-4694-BB37-C13D93DFE489}.Debug|Any CPU.ActiveCfg = Debug|Any CPU
		{EB3DCF96-86A5-4694-BB37-C13D93DFE489}.Debug|Any CPU.Build.0 = Debug|Any CPU
		{EB3DCF96-86A5-4694-BB37-C13D93DFE489}.Debug|x64.ActiveCfg = Debug|Any CPU
		{EB3DCF96-86A5-4694-BB37-C13D93DFE489}.Debug|x64.Build.0 = Debug|Any CPU
		{EB3DCF96-86A5-4694-BB37-C13D93DFE489}.Debug|x86.ActiveCfg = Debug|Any CPU
		{EB3DCF96-86A5-4694-BB37-C13D93DFE489}.Debug|x86.Build.0 = Debug|Any CPU
		{EB3DCF96-86A5-4694-BB37-C13D93DFE489}.Release|Any CPU.ActiveCfg = Release|Any CPU
		{EB3DCF96-86A5-4694-BB37-C13D93DFE489}.Release|Any CPU.Build.0 = Release|Any CPU
		{EB3DCF96-86A5-4694-BB37-C13D93DFE489}.Release|x64.ActiveCfg = Release|Any CPU
		{EB3DCF96-86A5-4694-BB37-C13D93DFE489}.Release|x64.Build.0 = Release|Any CPU
		{EB3DCF96-86A5-4694-BB37-C13D93DFE489}.Release|x86.ActiveCfg = Release|Any CPU
		{EB3DCF96-86A5-4694-BB37-C13D93DFE489}.Release|x86.Build.0 = Release|Any CPU
		{0C914C7A-3128-47AD-A428-76EEDFCDE165}.Debug|Any CPU.ActiveCfg = Debug|Any CPU
		{0C914C7A-3128-47AD-A428-76EEDFCDE165}.Debug|Any CPU.Build.0 = Debug|Any CPU
		{0C914C7A-3128-47AD-A428-76EEDFCDE165}.Debug|x64.ActiveCfg = Debug|Any CPU
		{0C914C7A-3128-47AD-A428-76EEDFCDE165}.Debug|x64.Build.0 = Debug|Any CPU
		{0C914C7A-3128-47AD-A428-76EEDFCDE165}.Debug|x86.ActiveCfg = Debug|Any CPU
		{0C914C7A-3128-47AD-A428-76EEDFCDE165}.Debug|x86.Build.0 = Debug|Any CPU
		{0C914C7A-3128-47AD-A428-76EEDFCDE165}.Release|Any CPU.ActiveCfg = Release|Any CPU
		{0C914C7A-3128-47AD-A428-76EEDFCDE165}.Release|Any CPU.Build.0 = Release|Any CPU
		{0C914C7A-3128-47AD-A428-76EEDFCDE165}.Release|x64.ActiveCfg = Release|Any CPU
		{0C914C7A-3128-47AD-A428-76EEDFCDE165}.Release|x64.Build.0 = Release|Any CPU
		{0C914C7A-3128-47AD-A428-76EEDFCDE165}.Release|x86.ActiveCfg = Release|Any CPU
		{0C914C7A-3128-47AD-A428-76EEDFCDE165}.Release|x86.Build.0 = Release|Any CPU
		{422F2128-2C54-4581-9704-B014B8D26AB6}.Debug|Any CPU.ActiveCfg = Debug|Any CPU
		{422F2128-2C54-4581-9704-B014B8D26AB6}.Debug|Any CPU.Build.0 = Debug|Any CPU
		{422F2128-2C54-4581-9704-B014B8D26AB6}.Debug|x64.ActiveCfg = Debug|Any CPU
		{422F2128-2C54-4581-9704-B014B8D26AB6}.Debug|x64.Build.0 = Debug|Any CPU
		{422F2128-2C54-4581-9704-B014B8D26AB6}.Debug|x86.ActiveCfg = Debug|Any CPU
		{422F2128-2C54-4581-9704-B014B8D26AB6}.Debug|x86.Build.0 = Debug|Any CPU
		{422F2128-2C54-4581-9704-B014B8D26AB6}.Release|Any CPU.ActiveCfg = Release|Any CPU
		{422F2128-2C54-4581-9704-B014B8D26AB6}.Release|Any CPU.Build.0 = Release|Any CPU
		{422F2128-2C54-4581-9704-B014B8D26AB6}.Release|x64.ActiveCfg = Release|Any CPU
		{422F2128-2C54-4581-9704-B014B8D26AB6}.Release|x64.Build.0 = Release|Any CPU
		{422F2128-2C54-4581-9704-B014B8D26AB6}.Release|x86.ActiveCfg = Release|Any CPU
		{422F2128-2C54-4581-9704-B014B8D26AB6}.Release|x86.Build.0 = Release|Any CPU
		{C4F13FCD-D3AA-4E64-B510-C73F0D4D3F50}.Debug|Any CPU.ActiveCfg = Debug|Any CPU
		{C4F13FCD-D3AA-4E64-B510-C73F0D4D3F50}.Debug|Any CPU.Build.0 = Debug|Any CPU
		{C4F13FCD-D3AA-4E64-B510-C73F0D4D3F50}.Debug|x64.ActiveCfg = Debug|Any CPU
		{C4F13FCD-D3AA-4E64-B510-C73F0D4D3F50}.Debug|x64.Build.0 = Debug|Any CPU
		{C4F13FCD-D3AA-4E64-B510-C73F0D4D3F50}.Debug|x86.ActiveCfg = Debug|Any CPU
		{C4F13FCD-D3AA-4E64-B510-C73F0D4D3F50}.Debug|x86.Build.0 = Debug|Any CPU
		{C4F13FCD-D3AA-4E64-B510-C73F0D4D3F50}.Release|Any CPU.ActiveCfg = Release|Any CPU
		{C4F13FCD-D3AA-4E64-B510-C73F0D4D3F50}.Release|Any CPU.Build.0 = Release|Any CPU
		{C4F13FCD-D3AA-4E64-B510-C73F0D4D3F50}.Release|x64.ActiveCfg = Release|Any CPU
		{C4F13FCD-D3AA-4E64-B510-C73F0D4D3F50}.Release|x64.Build.0 = Release|Any CPU
		{C4F13FCD-D3AA-4E64-B510-C73F0D4D3F50}.Release|x86.ActiveCfg = Release|Any CPU
		{C4F13FCD-D3AA-4E64-B510-C73F0D4D3F50}.Release|x86.Build.0 = Release|Any CPU
	EndGlobalSection
EndGlobal
